
Microsoft Visual Studio Solution File, Format Version 12.00
# Visual Studio 2012
Project("{FAE04EC0-301F-11D3-BF4B-00C04F79EFBC}") = "Diplom", "Diplom\Diplom.csproj", "{12AAC1DE-6E25-4547-931B-B569FE54C0FE}"
EndProject
Global
	GlobalSection(SolutionConfigurationPlatforms) = preSolution
		Debug|Any CPU = Debug|Any CPU
		Release|Any CPU = Release|Any CPU
	EndGlobalSection
	GlobalSection(ProjectConfigurationPlatforms) = postSolution
		{12AAC1DE-6E25-4547-931B-B569FE54C0FE}.Debug|Any CPU.ActiveCfg = Debug|Any CPU
		{12AAC1DE-6E25-4547-931B-B569FE54C0FE}.Debug|Any CPU.Build.0 = Debug|Any CPU
		{12AAC1DE-6E25-4547-931B-B569FE54C0FE}.Release|Any CPU.ActiveCfg = Release|Any CPU
		{12AAC1DE-6E25-4547-931B-B569FE54C0FE}.Release|Any CPU.Build.0 = Release|Any CPU
	EndGlobalSection
	GlobalSection(SolutionProperties) = preSolution
		HideSolutionNode = FALSE
	EndGlobalSection
	GlobalSection(ExtensibilityGlobals) = postSolution
		SolutionGuid = {E23AFEA0-0338-4B32-864F-74A948BD8F7E}
	EndGlobalSection
EndGlobal
